
Microsoft Visual Studio Solution File, Format Version 12.00
# Visual Studio Version 16
VisualStudioVersion = 16.0.30523.141
MinimumVisualStudioVersion = 10.0.40219.1
Project("{9A19103F-16F7-4668-BE54-9A1E7A4F7556}") = "PasswordGenerator", "PasswordGenerator\PasswordGenerator.csproj", "{E6BE3349-A239-4708-82A2-ECDF3C7FA327}"
EndProject
Project("{FAE04EC0-301F-11D3-BF4B-00C04F79EFBC}") = "PasswordGeneratorWPFbrowser", "PasswordGeneratorWPFbrowser\PasswordGeneratorWPFbrowser.csproj", "{2B671247-9BA0-4CE3-8447-1B300E7F4447}"
EndProject
Project("{FAE04EC0-301F-11D3-BF4B-00C04F79EFBC}") = "PasswordGeneratorWinForms", "PasswordGeneratorWinForms\PasswordGeneratorWinForms.csproj", "{2F7FEED1-BC0D-4D71-BA3C-26E561886259}"
EndProject
Global
	GlobalSection(SolutionConfigurationPlatforms) = preSolution
		Debug|Any CPU = Debug|Any CPU
		Release|Any CPU = Release|Any CPU
	EndGlobalSection
	GlobalSection(ProjectConfigurationPlatforms) = postSolution
		{E6BE3349-A239-4708-82A2-ECDF3C7FA327}.Debug|Any CPU.ActiveCfg = Debug|Any CPU
		{E6BE3349-A239-4708-82A2-ECDF3C7FA327}.Debug|Any CPU.Build.0 = Debug|Any CPU
		{E6BE3349-A239-4708-82A2-ECDF3C7FA327}.Release|Any CPU.ActiveCfg = Release|Any CPU
		{E6BE3349-A239-4708-82A2-ECDF3C7FA327}.Release|Any CPU.Build.0 = Release|Any CPU
		{2B671247-9BA0-4CE3-8447-1B300E7F4447}.Debug|Any CPU.ActiveCfg = Debug|Any CPU
		{2B671247-9BA0-4CE3-8447-1B300E7F4447}.Debug|Any CPU.Build.0 = Debug|Any CPU
		{2B671247-9BA0-4CE3-8447-1B300E7F4447}.Release|Any CPU.ActiveCfg = Release|Any CPU
		{2B671247-9BA0-4CE3-8447-1B300E7F4447}.Release|Any CPU.Build.0 = Release|Any CPU
		{2F7FEED1-BC0D-4D71-BA3C-26E561886259}.Debug|Any CPU.ActiveCfg = Debug|Any CPU
		{2F7FEED1-BC0D-4D71-BA3C-26E561886259}.Debug|Any CPU.Build.0 = Debug|Any CPU
		{2F7FEED1-BC0D-4D71-BA3C-26E561886259}.Release|Any CPU.ActiveCfg = Release|Any CPU
		{2F7FEED1-BC0D-4D71-BA3C-26E561886259}.Release|Any CPU.Build.0 = Release|Any CPU
	EndGlobalSection
	GlobalSection(SolutionProperties) = preSolution
		HideSolutionNode = FALSE
	EndGlobalSection
	GlobalSection(ExtensibilityGlobals) = postSolution
		SolutionGuid = {0734E30F-B5F1-4F7A-B772-D1FF6550629B}
	EndGlobalSection
EndGlobal
